
Microsoft Visual Studio Solution File, Format Version 12.00
# Visual Studio 15
VisualStudioVersion = 15.0.28010.2003
MinimumVisualStudioVersion = 10.0.40219.1
Project("{8BC9CEB8-8B4A-11D0-8D11-00A0C91BC942}") = "Employees", "Employees\Employees.vcxproj", "{342134A9-6B3D-4470-B58A-E69B5B07EEED}"
EndProject
Global
	GlobalSection(SolutionConfigurationPlatforms) = preSolution
		Debug|x64 = Debug|x64
		Debug|x86 = Debug|x86
		Release|x64 = Release|x64
		Release|x86 = Release|x86
	EndGlobalSection
	GlobalSection(ProjectConfigurationPlatforms) = postSolution
		{342134A9-6B3D-4470-B58A-E69B5B07EEED}.Debug|x64.ActiveCfg = Debug|x64
		{342134A9-6B3D-4470-B58A-E69B5B07EEED}.Debug|x64.Build.0 = Debug|x64
		{342134A9-6B3D-4470-B58A-E69B5B07EEED}.Debug|x86.ActiveCfg = Debug|Win32
		{342134A9-6B3D-4470-B58A-E69B5B07EEED}.Debug|x86.Build.0 = Debug|Win32
		{342134A9-6B3D-4470-B58A-E69B5B07EEED}.Release|x64.ActiveCfg = Release|x64
		{342134A9-6B3D-4470-B58A-E69B5B07EEED}.Release|x64.Build.0 = Release|x64
		{342134A9-6B3D-4470-B58A-E69B5B07EEED}.Release|x86.ActiveCfg = Release|Win32
		{342134A9-6B3D-4470-B58A-E69B5B07EEED}.Release|x86.Build.0 = Release|Win32
	EndGlobalSection
	GlobalSection(SolutionProperties) = preSolution
		HideSolutionNode = FALSE
	EndGlobalSection
	GlobalSection(ExtensibilityGlobals) = postSolution
		SolutionGuid = {5B2AE256-8342-4203-96F2-35AB80F1C004}
	EndGlobalSection
EndGlobal
